
Microsoft Visual Studio Solution File, Format Version 12.00
# Visual Studio Version 17
VisualStudioVersion = 17.9.34701.34
MinimumVisualStudioVersion = 10.0.40219.1
Project("{FAE04EC0-301F-11D3-BF4B-00C04F79EFBC}") = "ListaTindog", "ListaTindog\ListaTindog.csproj", "{C3BEAA3F-D439-487F-9F6E-4E02E8C56E70}"
EndProject
Global
	GlobalSection(SolutionConfigurationPlatforms) = preSolution
		Debug|Any CPU = Debug|Any CPU
		Release|Any CPU = Release|Any CPU
	EndGlobalSection
	GlobalSection(ProjectConfigurationPlatforms) = postSolution
		{C3BEAA3F-D439-487F-9F6E-4E02E8C56E70}.Debug|Any CPU.ActiveCfg = Debug|Any CPU
		{C3BEAA3F-D439-487F-9F6E-4E02E8C56E70}.Debug|Any CPU.Build.0 = Debug|Any CPU
		{C3BEAA3F-D439-487F-9F6E-4E02E8C56E70}.Release|Any CPU.ActiveCfg = Release|Any CPU
		{C3BEAA3F-D439-487F-9F6E-4E02E8C56E70}.Release|Any CPU.Build.0 = Release|Any CPU
	EndGlobalSection
	GlobalSection(SolutionProperties) = preSolution
		HideSolutionNode = FALSE
	EndGlobalSection
	GlobalSection(ExtensibilityGlobals) = postSolution
		SolutionGuid = {FC5DF04F-9AEC-46FF-9864-4B8A5BEEB024}
	EndGlobalSection
EndGlobal
